
Microsoft Visual Studio Solution File, Format Version 12.00
# Visual Studio 15
VisualStudioVersion = 15.0.28010.0
MinimumVisualStudioVersion = 10.0.40219.1
Project("{9A19103F-16F7-4668-BE54-9A1E7A4F7556}") = "ASF.Core", "src\ASF.Core\ASF.Core.csproj", "{82350787-9F4A-435D-97C7-34683564964A}"
EndProject
Project("{2150E333-8FDC-42A3-9474-1A3956D46DE8}") = "src", "src", "{B99BEE65-D789-4EDC-A302-10C8D73608E3}"
EndProject
Project("{9A19103F-16F7-4668-BE54-9A1E7A4F7556}") = "ASF.Infrastructure", "src\ASF.Infrastructure\ASF.Infrastructure.csproj", "{3CB626DA-F5CB-40BC-8CA6-0A14D091C7CD}"
EndProject
Project("{9A19103F-16F7-4668-BE54-9A1E7A4F7556}") = "ASF.Web", "src\ASF.Web\ASF.Web.csproj", "{1693226D-0B04-4E79-9D31-03E9CA53C430}"
EndProject
Global
	GlobalSection(SolutionConfigurationPlatforms) = preSolution
		Debug|Any CPU = Debug|Any CPU
		Release|Any CPU = Release|Any CPU
	EndGlobalSection
	GlobalSection(ProjectConfigurationPlatforms) = postSolution
		{82350787-9F4A-435D-97C7-34683564964A}.Debug|Any CPU.ActiveCfg = Debug|Any CPU
		{82350787-9F4A-435D-97C7-34683564964A}.Debug|Any CPU.Build.0 = Debug|Any CPU
		{82350787-9F4A-435D-97C7-34683564964A}.Release|Any CPU.ActiveCfg = Release|Any CPU
		{82350787-9F4A-435D-97C7-34683564964A}.Release|Any CPU.Build.0 = Release|Any CPU
		{3CB626DA-F5CB-40BC-8CA6-0A14D091C7CD}.Debug|Any CPU.ActiveCfg = Debug|Any CPU
		{3CB626DA-F5CB-40BC-8CA6-0A14D091C7CD}.Debug|Any CPU.Build.0 = Debug|Any CPU
		{3CB626DA-F5CB-40BC-8CA6-0A14D091C7CD}.Release|Any CPU.ActiveCfg = Release|Any CPU
		{3CB626DA-F5CB-40BC-8CA6-0A14D091C7CD}.Release|Any CPU.Build.0 = Release|Any CPU
		{1693226D-0B04-4E79-9D31-03E9CA53C430}.Debug|Any CPU.ActiveCfg = Debug|Any CPU
		{1693226D-0B04-4E79-9D31-03E9CA53C430}.Debug|Any CPU.Build.0 = Debug|Any CPU
		{1693226D-0B04-4E79-9D31-03E9CA53C430}.Release|Any CPU.ActiveCfg = Release|Any CPU
		{1693226D-0B04-4E79-9D31-03E9CA53C430}.Release|Any CPU.Build.0 = Release|Any CPU
	EndGlobalSection
	GlobalSection(SolutionProperties) = preSolution
		HideSolutionNode = FALSE
	EndGlobalSection
	GlobalSection(NestedProjects) = preSolution
		{82350787-9F4A-435D-97C7-34683564964A} = {B99BEE65-D789-4EDC-A302-10C8D73608E3}
		{3CB626DA-F5CB-40BC-8CA6-0A14D091C7CD} = {B99BEE65-D789-4EDC-A302-10C8D73608E3}
		{1693226D-0B04-4E79-9D31-03E9CA53C430} = {B99BEE65-D789-4EDC-A302-10C8D73608E3}
	EndGlobalSection
	GlobalSection(ExtensibilityGlobals) = postSolution
		SolutionGuid = {5D22F9E9-B0D8-4F81-99FA-E855C136D0DF}
	EndGlobalSection
EndGlobal
